// !$*UTF8*$!
{
	archiveVersion = 1;
	classes = {
	};
	objectVersion = 77;
	objects = {

/* Begin PBXBuildFile section */
		43A019072D05BCF5005599BF /* RealmSwift in Frameworks */ = {isa = PBXBuildFile; productRef = 43A019062D05BCF5005599BF /* RealmSwift */; };
		43F6AF2E2D1190BE00815BF2 /* FirebaseAuth in Frameworks */ = {isa = PBXBuildFile; productRef = 43F6AF2D2D1190BE00815BF2 /* FirebaseAuth */; };
		43F6AF302D1190BE00815BF2 /* FirebaseCore in Frameworks */ = {isa = PBXBuildFile; productRef = 43F6AF2F2D1190BE00815BF2 /* FirebaseCore */; };
		43F6AF322D1190BE00815BF2 /* FirebaseDatabase in Frameworks */ = {isa = PBXBuildFile; productRef = 43F6AF312D1190BE00815BF2 /* FirebaseDatabase */; };
		43F6AF342D1190BE00815BF2 /* FirebaseFirestore in Frameworks */ = {isa = PBXBuildFile; productRef = 43F6AF332D1190BE00815BF2 /* FirebaseFirestore */; };
		43F6AF362D1190BE00815BF2 /* FirebaseStorage in Frameworks */ = {isa = PBXBuildFile; productRef = 43F6AF352D1190BE00815BF2 /* FirebaseStorage */; };
		43F6AF412D11BE6800815BF2 /* GoogleSignIn in Frameworks */ = {isa = PBXBuildFile; productRef = 43F6AF402D11BE6800815BF2 /* GoogleSignIn */; };
		43F6AF432D11BE6800815BF2 /* GoogleSignInSwift in Frameworks */ = {isa = PBXBuildFile; productRef = 43F6AF422D11BE6800815BF2 /* GoogleSignInSwift */; };
		9520098C2D0B392400A3AFE9 /* UserNotifications.framework in Frameworks */ = {isa = PBXBuildFile; fileRef = 9576E9812D0B381C00A9AF7D /* UserNotifications.framework */; };
		9562A14F2D031F8000B931B0 /* Collections in Frameworks */ = {isa = PBXBuildFile; productRef = 9562A14E2D031F8000B931B0 /* Collections */; };
/* End PBXBuildFile section */

/* Begin PBXFileReference section */
		9538BBC92CA53E7F00A24210 /* MoneyCheck.app */ = {isa = PBXFileReference; explicitFileType = wrapper.application; includeInIndex = 0; path = MoneyCheck.app; sourceTree = BUILT_PRODUCTS_DIR; };
		9576E9812D0B381C00A9AF7D /* UserNotifications.framework */ = {isa = PBXFileReference; lastKnownFileType = wrapper.framework; name = UserNotifications.framework; path = System/Library/Frameworks/UserNotifications.framework; sourceTree = SDKROOT; };
		9576E9832D0B385000A9AF7D /* UserNotificationsUI.framework */ = {isa = PBXFileReference; lastKnownFileType = wrapper.framework; name = UserNotificationsUI.framework; path = System/Library/Frameworks/UserNotificationsUI.framework; sourceTree = SDKROOT; };
/* End PBXFileReference section */

/* Begin PBXFileSystemSynchronizedBuildFileExceptionSet section */
		95D5BBA22C9F565E008F78CC /* Exceptions for "MoneyCheck" folder in "MoneyCheck" target */ = {
			isa = PBXFileSystemSynchronizedBuildFileExceptionSet;
			membershipExceptions = (
				Configuration/Info.plist,
			);
			target = 95D5BB752C9F2A9C008F78CC /* MoneyCheck */;
		};
/* End PBXFileSystemSynchronizedBuildFileExceptionSet section */

/* Begin PBXFileSystemSynchronizedRootGroup section */
		95D5BB782C9F2A9C008F78CC /* MoneyCheck */ = {
			isa = PBXFileSystemSynchronizedRootGroup;
			exceptions = (
				95D5BBA22C9F565E008F78CC /* Exceptions for "MoneyCheck" folder in "MoneyCheck" target */,
			);
			path = MoneyCheck;
			sourceTree = "<group>";
		};
/* End PBXFileSystemSynchronizedRootGroup section */

/* Begin PBXFrameworksBuildPhase section */
		95D5BB732C9F2A9C008F78CC /* Frameworks */ = {
			isa = PBXFrameworksBuildPhase;
			buildActionMask = 2147483647;
			files = (
				43F6AF322D1190BE00815BF2 /* FirebaseDatabase in Frameworks */,
				43A019072D05BCF5005599BF /* RealmSwift in Frameworks */,
				43F6AF302D1190BE00815BF2 /* FirebaseCore in Frameworks */,
				9562A14F2D031F8000B931B0 /* Collections in Frameworks */,
				9520098C2D0B392400A3AFE9 /* UserNotifications.framework in Frameworks */,
				43F6AF432D11BE6800815BF2 /* GoogleSignInSwift in Frameworks */,
				43F6AF362D1190BE00815BF2 /* FirebaseStorage in Frameworks */,
				43F6AF2E2D1190BE00815BF2 /* FirebaseAuth in Frameworks */,
				43F6AF342D1190BE00815BF2 /* FirebaseFirestore in Frameworks */,
				43F6AF412D11BE6800815BF2 /* GoogleSignIn in Frameworks */,
			);
			runOnlyForDeploymentPostprocessing = 0;
		};
/* End PBXFrameworksBuildPhase section */

/* Begin PBXGroup section */
		9576E9802D0B381C00A9AF7D /* Frameworks */ = {
			isa = PBXGroup;
			children = (
				9576E9832D0B385000A9AF7D /* UserNotificationsUI.framework */,
				9576E9812D0B381C00A9AF7D /* UserNotifications.framework */,
			);
			name = Frameworks;
			sourceTree = "<group>";
		};
		95D5BB6D2C9F2A9B008F78CC = {
			isa = PBXGroup;
			children = (
				95D5BB782C9F2A9C008F78CC /* MoneyCheck */,
				9538BBC92CA53E7F00A24210 /* MoneyCheck.app */,
				9576E9802D0B381C00A9AF7D /* Frameworks */,
			);
			sourceTree = "<group>";
		};
/* End PBXGroup section */

/* Begin PBXNativeTarget section */
		95D5BB752C9F2A9C008F78CC /* MoneyCheck */ = {
			isa = PBXNativeTarget;
			buildConfigurationList = 95D5BB842C9F2A9D008F78CC /* Build configuration list for PBXNativeTarget "MoneyCheck" */;
			buildPhases = (
				95D5BB722C9F2A9C008F78CC /* Sources */,
				95D5BB732C9F2A9C008F78CC /* Frameworks */,
				95D5BB742C9F2A9C008F78CC /* Resources */,
			);
			buildRules = (
			);
			dependencies = (
			);
			fileSystemSynchronizedGroups = (
				95D5BB782C9F2A9C008F78CC /* MoneyCheck */,
			);
			name = MoneyCheck;
			packageProductDependencies = (
				9562A14E2D031F8000B931B0 /* Collections */,
				43A019062D05BCF5005599BF /* RealmSwift */,
				43F6AF2D2D1190BE00815BF2 /* FirebaseAuth */,
				43F6AF2F2D1190BE00815BF2 /* FirebaseCore */,
				43F6AF312D1190BE00815BF2 /* FirebaseDatabase */,
				43F6AF332D1190BE00815BF2 /* FirebaseFirestore */,
				43F6AF352D1190BE00815BF2 /* FirebaseStorage */,
				43F6AF402D11BE6800815BF2 /* GoogleSignIn */,
				43F6AF422D11BE6800815BF2 /* GoogleSignInSwift */,
			);
			productName = MoneyCheck;
			productReference = 9538BBC92CA53E7F00A24210 /* MoneyCheck.app */;
			productType = "com.apple.product-type.application";
		};
/* End PBXNativeTarget section */

/* Begin PBXProject section */
		95D5BB6E2C9F2A9B008F78CC /* Project object */ = {
			isa = PBXProject;
			attributes = {
				BuildIndependentTargetsInParallel = 1;
				LastSwiftUpdateCheck = 1600;
				LastUpgradeCheck = 1600;
				TargetAttributes = {
					95D5BB752C9F2A9C008F78CC = {
						CreatedOnToolsVersion = 16.0;
					};
				};
			};
			buildConfigurationList = 95D5BB712C9F2A9B008F78CC /* Build configuration list for PBXProject "MoneyCheck" */;
			developmentRegion = en;
			hasScannedForEncodings = 0;
			knownRegions = (
				en,
				Base,
				uk,
			);
			mainGroup = 95D5BB6D2C9F2A9B008F78CC;
			minimizedProjectReferenceProxies = 1;
			packageReferences = (
				9562A14D2D031F8000B931B0 /* XCRemoteSwiftPackageReference "swift-collections" */,
				43A019052D05BCF5005599BF /* XCRemoteSwiftPackageReference "realm-swift" */,
				43F6AF2C2D1190BE00815BF2 /* XCRemoteSwiftPackageReference "firebase-ios-sdk" */,
				43F6AF3F2D11BE6800815BF2 /* XCRemoteSwiftPackageReference "GoogleSignIn-iOS" */,
			);
			preferredProjectObjectVersion = 77;
			productRefGroup = 95D5BB6D2C9F2A9B008F78CC;
			projectDirPath = "";
			projectRoot = "";
			targets = (
				95D5BB752C9F2A9C008F78CC /* MoneyCheck */,
			);
		};
/* End PBXProject section */

/* Begin PBXResourcesBuildPhase section */
		95D5BB742C9F2A9C008F78CC /* Resources */ = {
			isa = PBXResourcesBuildPhase;
			buildActionMask = 2147483647;
			files = (
			);
			runOnlyForDeploymentPostprocessing = 0;
		};
/* End PBXResourcesBuildPhase section */

/* Begin PBXSourcesBuildPhase section */
		95D5BB722C9F2A9C008F78CC /* Sources */ = {
			isa = PBXSourcesBuildPhase;
			buildActionMask = 2147483647;
			files = (
			);
			runOnlyForDeploymentPostprocessing = 0;
		};
/* End PBXSourcesBuildPhase section */

/* Begin XCBuildConfiguration section */
		95D5BB822C9F2A9D008F78CC /* Debug */ = {
			isa = XCBuildConfiguration;
			buildSettings = {
				ALWAYS_SEARCH_USER_PATHS = NO;
				ASSETCATALOG_COMPILER_GENERATE_SWIFT_ASSET_SYMBOL_EXTENSIONS = YES;
				CLANG_ANALYZER_NONNULL = YES;
				CLANG_ANALYZER_NUMBER_OBJECT_CONVERSION = YES_AGGRESSIVE;
				CLANG_CXX_LANGUAGE_STANDARD = "gnu++20";
				CLANG_ENABLE_MODULES = YES;
				CLANG_ENABLE_OBJC_ARC = YES;
				CLANG_ENABLE_OBJC_WEAK = YES;
				CLANG_WARN_BLOCK_CAPTURE_AUTORELEASING = YES;
				CLANG_WARN_BOOL_CONVERSION = YES;
				CLANG_WARN_COMMA = YES;
				CLANG_WARN_CONSTANT_CONVERSION = YES;
				CLANG_WARN_DEPRECATED_OBJC_IMPLEMENTATIONS = YES;
				CLANG_WARN_DIRECT_OBJC_ISA_USAGE = YES_ERROR;
				CLANG_WARN_DOCUMENTATION_COMMENTS = YES;
				CLANG_WARN_EMPTY_BODY = YES;
				CLANG_WARN_ENUM_CONVERSION = YES;
				CLANG_WARN_INFINITE_RECURSION = YES;
				CLANG_WARN_INT_CONVERSION = YES;
				CLANG_WARN_NON_LITERAL_NULL_CONVERSION = YES;
				CLANG_WARN_OBJC_IMPLICIT_RETAIN_SELF = YES;
				CLANG_WARN_OBJC_LITERAL_CONVERSION = YES;
				CLANG_WARN_OBJC_ROOT_CLASS = YES_ERROR;
				CLANG_WARN_QUOTED_INCLUDE_IN_FRAMEWORK_HEADER = YES;
				CLANG_WARN_RANGE_LOOP_ANALYSIS = YES;
				CLANG_WARN_STRICT_PROTOTYPES = YES;
				CLANG_WARN_SUSPICIOUS_MOVE = YES;
				CLANG_WARN_UNGUARDED_AVAILABILITY = YES_AGGRESSIVE;
				CLANG_WARN_UNREACHABLE_CODE = YES;
				CLANG_WARN__DUPLICATE_METHOD_MATCH = YES;
				COPY_PHASE_STRIP = NO;
				DEBUG_INFORMATION_FORMAT = dwarf;
				ENABLE_STRICT_OBJC_MSGSEND = YES;
				ENABLE_TESTABILITY = YES;
				ENABLE_USER_SCRIPT_SANDBOXING = YES;
				GCC_C_LANGUAGE_STANDARD = gnu17;
				GCC_DYNAMIC_NO_PIC = NO;
				GCC_NO_COMMON_BLOCKS = YES;
				GCC_OPTIMIZATION_LEVEL = 0;
				GCC_PREPROCESSOR_DEFINITIONS = (
					"DEBUG=1",
					"$(inherited)",
				);
				GCC_WARN_64_TO_32_BIT_CONVERSION = YES;
				GCC_WARN_ABOUT_RETURN_TYPE = YES_ERROR;
				GCC_WARN_UNDECLARED_SELECTOR = YES;
				GCC_WARN_UNINITIALIZED_AUTOS = YES_AGGRESSIVE;
				GCC_WARN_UNUSED_FUNCTION = YES;
				GCC_WARN_UNUSED_VARIABLE = YES;
				IPHONEOS_DEPLOYMENT_TARGET = 18.0;
				LOCALIZATION_PREFERS_STRING_CATALOGS = YES;
				MTL_ENABLE_DEBUG_INFO = INCLUDE_SOURCE;
				MTL_FAST_MATH = YES;
				ONLY_ACTIVE_ARCH = YES;
				SDKROOT = iphoneos;
				SWIFT_ACTIVE_COMPILATION_CONDITIONS = "DEBUG $(inherited)";
				SWIFT_OPTIMIZATION_LEVEL = "-Onone";
			};
			name = Debug;
		};
		95D5BB832C9F2A9D008F78CC /* Release */ = {
			isa = XCBuildConfiguration;
			buildSettings = {
				ALWAYS_SEARCH_USER_PATHS = NO;
				ASSETCATALOG_COMPILER_GENERATE_SWIFT_ASSET_SYMBOL_EXTENSIONS = YES;
				CLANG_ANALYZER_NONNULL = YES;
				CLANG_ANALYZER_NUMBER_OBJECT_CONVERSION = YES_AGGRESSIVE;
				CLANG_CXX_LANGUAGE_STANDARD = "gnu++20";
				CLANG_ENABLE_MODULES = YES;
				CLANG_ENABLE_OBJC_ARC = YES;
				CLANG_ENABLE_OBJC_WEAK = YES;
				CLANG_WARN_BLOCK_CAPTURE_AUTORELEASING = YES;
				CLANG_WARN_BOOL_CONVERSION = YES;
				CLANG_WARN_COMMA = YES;
				CLANG_WARN_CONSTANT_CONVERSION = YES;
				CLANG_WARN_DEPRECATED_OBJC_IMPLEMENTATIONS = YES;
				CLANG_WARN_DIRECT_OBJC_ISA_USAGE = YES_ERROR;
				CLANG_WARN_DOCUMENTATION_COMMENTS = YES;
				CLANG_WARN_EMPTY_BODY = YES;
				CLANG_WARN_ENUM_CONVERSION = YES;
				CLANG_WARN_INFINITE_RECURSION = YES;
				CLANG_WARN_INT_CONVERSION = YES;
				CLANG_WARN_NON_LITERAL_NULL_CONVERSION = YES;
				CLANG_WARN_OBJC_IMPLICIT_RETAIN_SELF = YES;
				CLANG_WARN_OBJC_LITERAL_CONVERSION = YES;
				CLANG_WARN_OBJC_ROOT_CLASS = YES_ERROR;
				CLANG_WARN_QUOTED_INCLUDE_IN_FRAMEWORK_HEADER = YES;
				CLANG_WARN_RANGE_LOOP_ANALYSIS = YES;
				CLANG_WARN_STRICT_PROTOTYPES = YES;
				CLANG_WARN_SUSPICIOUS_MOVE = YES;
				CLANG_WARN_UNGUARDED_AVAILABILITY = YES_AGGRESSIVE;
				CLANG_WARN_UNREACHABLE_CODE = YES;
				CLANG_WARN__DUPLICATE_METHOD_MATCH = YES;
				COPY_PHASE_STRIP = NO;
				DEBUG_INFORMATION_FORMAT = "dwarf-with-dsym";
				ENABLE_NS_ASSERTIONS = NO;
				ENABLE_STRICT_OBJC_MSGSEND = YES;
				ENABLE_USER_SCRIPT_SANDBOXING = YES;
				GCC_C_LANGUAGE_STANDARD = gnu17;
				GCC_NO_COMMON_BLOCKS = YES;
				GCC_WARN_64_TO_32_BIT_CONVERSION = YES;
				GCC_WARN_ABOUT_RETURN_TYPE = YES_ERROR;
				GCC_WARN_UNDECLARED_SELECTOR = YES;
				GCC_WARN_UNINITIALIZED_AUTOS = YES_AGGRESSIVE;
				GCC_WARN_UNUSED_FUNCTION = YES;
				GCC_WARN_UNUSED_VARIABLE = YES;
				IPHONEOS_DEPLOYMENT_TARGET = 18.0;
				LOCALIZATION_PREFERS_STRING_CATALOGS = YES;
				MTL_ENABLE_DEBUG_INFO = NO;
				MTL_FAST_MATH = YES;
				SDKROOT = iphoneos;
				SWIFT_COMPILATION_MODE = wholemodule;
				VALIDATE_PRODUCT = YES;
			};
			name = Release;
		};
		95D5BB852C9F2A9D008F78CC /* Debug */ = {
			isa = XCBuildConfiguration;
			buildSettings = {
				ASSETCATALOG_COMPILER_APPICON_NAME = AppIcon;
				ASSETCATALOG_COMPILER_GLOBAL_ACCENT_COLOR_NAME = AccentColor;
				CODE_SIGN_STYLE = Automatic;
				CURRENT_PROJECT_VERSION = 1;
				DEVELOPMENT_ASSET_PATHS = "\"MoneyCheck/Resources/PreviewContent\"";
				ENABLE_PREVIEWS = YES;
				GENERATE_INFOPLIST_FILE = YES;
				INFOPLIST_FILE = MoneyCheck/Configuration/Info.plist;
				INFOPLIST_KEY_UIApplicationSceneManifest_Generation = YES;
				INFOPLIST_KEY_UIApplicationSupportsIndirectInputEvents = YES;
				INFOPLIST_KEY_UILaunchScreen_Generation = YES;
				INFOPLIST_KEY_UISupportedInterfaceOrientations_iPad = "UIInterfaceOrientationPortrait UIInterfaceOrientationPortraitUpsideDown UIInterfaceOrientationLandscapeLeft UIInterfaceOrientationLandscapeRight";
				INFOPLIST_KEY_UISupportedInterfaceOrientations_iPhone = "UIInterfaceOrientationPortrait UIInterfaceOrientationLandscapeLeft UIInterfaceOrientationLandscapeRight";
				IPHONEOS_DEPLOYMENT_TARGET = 17.6;
				LD_RUNPATH_SEARCH_PATHS = (
					"$(inherited)",
					"@executable_path/Frameworks",
				);
				MARKETING_VERSION = 1.0;
				PRODUCT_BUNDLE_IDENTIFIER = Test.MoneyCheck;
				PRODUCT_NAME = "$(TARGET_NAME)";
				SWIFT_EMIT_LOC_STRINGS = YES;
				SWIFT_VERSION = 5.0;
				TARGETED_DEVICE_FAMILY = "1,2";
			};
			name = Debug;
		};
		95D5BB862C9F2A9D008F78CC /* Release */ = {
			isa = XCBuildConfiguration;
			buildSettings = {
				ASSETCATALOG_COMPILER_APPICON_NAME = AppIcon;
				ASSETCATALOG_COMPILER_GLOBAL_ACCENT_COLOR_NAME = AccentColor;
				CODE_SIGN_STYLE = Automatic;
				CURRENT_PROJECT_VERSION = 1;
				DEVELOPMENT_ASSET_PATHS = "\"MoneyCheck/Resources/PreviewContent\"";
				ENABLE_PREVIEWS = YES;
				GENERATE_INFOPLIST_FILE = YES;
				INFOPLIST_FILE = MoneyCheck/Configuration/Info.plist;
				INFOPLIST_KEY_UIApplicationSceneManifest_Generation = YES;
				INFOPLIST_KEY_UIApplicationSupportsIndirectInputEvents = YES;
				INFOPLIST_KEY_UILaunchScreen_Generation = YES;
				INFOPLIST_KEY_UISupportedInterfaceOrientations_iPad = "UIInterfaceOrientationPortrait UIInterfaceOrientationPortraitUpsideDown UIInterfaceOrientationLandscapeLeft UIInterfaceOrientationLandscapeRight";
				INFOPLIST_KEY_UISupportedInterfaceOrientations_iPhone = "UIInterfaceOrientationPortrait UIInterfaceOrientationLandscapeLeft UIInterfaceOrientationLandscapeRight";
				IPHONEOS_DEPLOYMENT_TARGET = 17.6;
				LD_RUNPATH_SEARCH_PATHS = (
					"$(inherited)",
					"@executable_path/Frameworks",
				);
				MARKETING_VERSION = 1.0;
				PRODUCT_BUNDLE_IDENTIFIER = Test.MoneyCheck;
				PRODUCT_NAME = "$(TARGET_NAME)";
				SWIFT_EMIT_LOC_STRINGS = YES;
				SWIFT_VERSION = 5.0;
				TARGETED_DEVICE_FAMILY = "1,2";
			};
			name = Release;
		};
/* End XCBuildConfiguration section */

/* Begin XCConfigurationList section */
		95D5BB712C9F2A9B008F78CC /* Build configuration list for PBXProject "MoneyCheck" */ = {
			isa = XCConfigurationList;
			buildConfigurations = (
				95D5BB822C9F2A9D008F78CC /* Debug */,
				95D5BB832C9F2A9D008F78CC /* Release */,
			);
			defaultConfigurationIsVisible = 0;
			defaultConfigurationName = Release;
		};
		95D5BB842C9F2A9D008F78CC /* Build configuration list for PBXNativeTarget "MoneyCheck" */ = {
			isa = XCConfigurationList;
			buildConfigurations = (
				95D5BB852C9F2A9D008F78CC /* Debug */,
				95D5BB862C9F2A9D008F78CC /* Release */,
			);
			defaultConfigurationIsVisible = 0;
			defaultConfigurationName = Release;
		};
/* End XCConfigurationList section */

/* Begin XCRemoteSwiftPackageReference section */
		43A019052D05BCF5005599BF /* XCRemoteSwiftPackageReference "realm-swift" */ = {
			isa = XCRemoteSwiftPackageReference;
			repositoryURL = "https://github.com/realm/realm-swift.git";
			requirement = {
				kind = upToNextMajorVersion;
				minimumVersion = 10.54.1;
			};
		};
		43F6AF2C2D1190BE00815BF2 /* XCRemoteSwiftPackageReference "firebase-ios-sdk" */ = {
			isa = XCRemoteSwiftPackageReference;
			repositoryURL = "https://github.com/firebase/firebase-ios-sdk";
			requirement = {
				kind = upToNextMajorVersion;
				minimumVersion = 11.6.0;
			};
		};
		43F6AF3F2D11BE6800815BF2 /* XCRemoteSwiftPackageReference "GoogleSignIn-iOS" */ = {
			isa = XCRemoteSwiftPackageReference;
			repositoryURL = "https://github.com/google/GoogleSignIn-iOS";
			requirement = {
				kind = upToNextMajorVersion;
				minimumVersion = 8.0.0;
			};
		};
		9562A14D2D031F8000B931B0 /* XCRemoteSwiftPackageReference "swift-collections" */ = {
			isa = XCRemoteSwiftPackageReference;
			repositoryURL = "https://github.com/apple/swift-collections.git";
			requirement = {
				kind = upToNextMajorVersion;
				minimumVersion = 1.1.4;
			};
		};
/* End XCRemoteSwiftPackageReference section */

/* Begin XCSwiftPackageProductDependency section */
		43A019062D05BCF5005599BF /* RealmSwift */ = {
			isa = XCSwiftPackageProductDependency;
			package = 43A019052D05BCF5005599BF /* XCRemoteSwiftPackageReference "realm-swift" */;
			productName = RealmSwift;
		};
		43F6AF2D2D1190BE00815BF2 /* FirebaseAuth */ = {
			isa = XCSwiftPackageProductDependency;
			package = 43F6AF2C2D1190BE00815BF2 /* XCRemoteSwiftPackageReference "firebase-ios-sdk" */;
			productName = FirebaseAuth;
		};
		43F6AF2F2D1190BE00815BF2 /* FirebaseCore */ = {
			isa = XCSwiftPackageProductDependency;
			package = 43F6AF2C2D1190BE00815BF2 /* XCRemoteSwiftPackageReference "firebase-ios-sdk" */;
			productName = FirebaseCore;
		};
		43F6AF312D1190BE00815BF2 /* FirebaseDatabase */ = {
			isa = XCSwiftPackageProductDependency;
			package = 43F6AF2C2D1190BE00815BF2 /* XCRemoteSwiftPackageReference "firebase-ios-sdk" */;
			productName = FirebaseDatabase;
		};
		43F6AF332D1190BE00815BF2 /* FirebaseFirestore */ = {
			isa = XCSwiftPackageProductDependency;
			package = 43F6AF2C2D1190BE00815BF2 /* XCRemoteSwiftPackageReference "firebase-ios-sdk" */;
			productName = FirebaseFirestore;
		};
		43F6AF352D1190BE00815BF2 /* FirebaseStorage */ = {
			isa = XCSwiftPackageProductDependency;
			package = 43F6AF2C2D1190BE00815BF2 /* XCRemoteSwiftPackageReference "firebase-ios-sdk" */;
			productName = FirebaseStorage;
		};
		43F6AF402D11BE6800815BF2 /* GoogleSignIn */ = {
			isa = XCSwiftPackageProductDependency;
			package = 43F6AF3F2D11BE6800815BF2 /* XCRemoteSwiftPackageReference "GoogleSignIn-iOS" */;
			productName = GoogleSignIn;
		};
		43F6AF422D11BE6800815BF2 /* GoogleSignInSwift */ = {
			isa = XCSwiftPackageProductDependency;
			package = 43F6AF3F2D11BE6800815BF2 /* XCRemoteSwiftPackageReference "GoogleSignIn-iOS" */;
			productName = GoogleSignInSwift;
		};
		9562A14E2D031F8000B931B0 /* Collections */ = {
			isa = XCSwiftPackageProductDependency;
			package = 9562A14D2D031F8000B931B0 /* XCRemoteSwiftPackageReference "swift-collections" */;
			productName = Collections;
		};
/* End XCSwiftPackageProductDependency section */
	};
	rootObject = 95D5BB6E2C9F2A9B008F78CC /* Project object */;
}
